PODS:
  - Cosmos (19.0.3)
  - RxAtomic (4.4.0)
  - RxCocoa (4.4.0):
    - RxSwift (~> 4.0)
  - RxSwift (4.4.0):
    - RxAtomic (~> 4.4)

DEPENDENCIES:
  - Cosmos (~> 19.0)
  - RxCocoa
  - RxSwift

SPEC REPOS:
  https://github.com/cocoapods/specs.git:
    - Cosmos
    - RxAtomic
    - RxCocoa
    - RxSwift

SPEC CHECKSUMS:
  Cosmos: a6fb17284281fa12cf4c85c2efecd440a215ec44
  RxAtomic: eacf60db868c96bfd63320e28619fe29c179656f
  RxCocoa: df63ebf7b9a70d6b4eeea407ed5dd4efc8979749
  RxSwift: 5976ecd04fc2fefd648827c23de5e11157faa973

PODFILE CHECKSUM: b39b3b25bf4082bf53206be456af5f3d0c5bf031

COCOAPODS: 1.6.1
