// !$*UTF8*$!
{
	archiveVersion = 1;
	classes = {
	};
	objectVersion = 50;
	objects = {

/* Begin PBXBuildFile section */
		29EDD82AD2895BEA6BE8AF76 /* Pods_Hexad_Task.framework in Frameworks */ = {isa = PBXBuildFile; fileRef = 0EF4223B17B242FC0DAF76E8 /* Pods_Hexad_Task.framework */; };
		C8394503C2F0B1A1070AA00E /* Pods_Hexad_TaskTests.framework in Frameworks */ = {isa = PBXBuildFile; fileRef = 378E523C204B4D6DE64B0B71 /* Pods_Hexad_TaskTests.framework */; };
		DD6DA12022820F99000C4D50 /* Favorite.json in Resources */ = {isa = PBXBuildFile; fileRef = DD6DA11F22820F99000C4D50 /* Favorite.json */; };
		DD6DA12222821133000C4D50 /* Favorite.swift in Sources */ = {isa = PBXBuildFile; fileRef = DD6DA12122821133000C4D50 /* Favorite.swift */; };
		DDAAE76122840F6C00C2E1B2 /* Podfile in Resources */ = {isa = PBXBuildFile; fileRef = DDAAE76022840F6C00C2E1B2 /* Podfile */; };
		DDB9B56622847635004517ED /* FavoriteViewModel.swift in Sources */ = {isa = PBXBuildFile; fileRef = DDB9B56522847635004517ED /* FavoriteViewModel.swift */; };
		DDC91A422282004100D0E8E5 /* AppDelegate.swift in Sources */ = {isa = PBXBuildFile; fileRef = DDC91A412282004100D0E8E5 /* AppDelegate.swift */; };
		DDC91A472282004100D0E8E5 /* Main.storyboard in Resources */ = {isa = PBXBuildFile; fileRef = DDC91A452282004100D0E8E5 /* Main.storyboard */; };
		DDC91A492282004400D0E8E5 /* Assets.xcassets in Resources */ = {isa = PBXBuildFile; fileRef = DDC91A482282004400D0E8E5 /* Assets.xcassets */; };
		DDC91A4C2282004400D0E8E5 /* LaunchScreen.storyboard in Resources */ = {isa = PBXBuildFile; fileRef = DDC91A4A2282004400D0E8E5 /* LaunchScreen.storyboard */; };
		DDC91A702282024D00D0E8E5 /* ListViewController.swift in Sources */ = {isa = PBXBuildFile; fileRef = DDC91A6F2282024D00D0E8E5 /* ListViewController.swift */; };
		DDC91A722282028800D0E8E5 /* ListCell.swift in Sources */ = {isa = PBXBuildFile; fileRef = DDC91A712282028800D0E8E5 /* ListCell.swift */; };
		DDCD747622857DEF008F1E52 /* ListInteractorTests.swift in Sources */ = {isa = PBXBuildFile; fileRef = DDCD747522857DEF008F1E52 /* ListInteractorTests.swift */; };
		DDFC2407228564EE005F152A /* ListInteractor.swift in Sources */ = {isa = PBXBuildFile; fileRef = DDFC2406228564EE005F152A /* ListInteractor.swift */; };
/* End PBXBuildFile section */

/* Begin PBXContainerItemProxy section */
		DDC91A532282004400D0E8E5 /* PBXContainerItemProxy */ = {
			isa = PBXContainerItemProxy;
			containerPortal = DDC91A362282004100D0E8E5 /* Project object */;
			proxyType = 1;
			remoteGlobalIDString = DDC91A3D2282004100D0E8E5;
			remoteInfo = "Hexad Task";
		};
/* End PBXContainerItemProxy section */

/* Begin PBXFileReference section */
		02300A945249DEB32CE8CEBB /* Pods-Hexad TaskTests.release.xcconfig */ = {isa = PBXFileReference; includeInIndex = 1; lastKnownFileType = text.xcconfig; name = "Pods-Hexad TaskTests.release.xcconfig"; path = "Pods/Target Support Files/Pods-Hexad TaskTests/Pods-Hexad TaskTests.release.xcconfig"; sourceTree = "<group>"; };
		0EF4223B17B242FC0DAF76E8 /* Pods_Hexad_Task.framework */ = {isa = PBXFileReference; explicitFileType = wrapper.framework; includeInIndex = 0; path = Pods_Hexad_Task.framework; sourceTree = BUILT_PRODUCTS_DIR; };
		378E523C204B4D6DE64B0B71 /* Pods_Hexad_TaskTests.framework */ = {isa = PBXFileReference; explicitFileType = wrapper.framework; includeInIndex = 0; path = Pods_Hexad_TaskTests.framework; sourceTree = BUILT_PRODUCTS_DIR; };
		44C27EA686E36D454743FDE9 /* Pods-Hexad Task.release.xcconfig */ = {isa = PBXFileReference; includeInIndex = 1; lastKnownFileType = text.xcconfig; name = "Pods-Hexad Task.release.xcconfig"; path = "Pods/Target Support Files/Pods-Hexad Task/Pods-Hexad Task.release.xcconfig"; sourceTree = "<group>"; };
		59879EAD2BED0499E772EE79 /* Pods_Hexad_TaskUITests.framework */ = {isa = PBXFileReference; explicitFileType = wrapper.framework; includeInIndex = 0; path = Pods_Hexad_TaskUITests.framework; sourceTree = BUILT_PRODUCTS_DIR; };
		79D93A7E672ECAB22E971621 /* Pods-Hexad TaskUITests.debug.xcconfig */ = {isa = PBXFileReference; includeInIndex = 1; lastKnownFileType = text.xcconfig; name = "Pods-Hexad TaskUITests.debug.xcconfig"; path = "Pods/Target Support Files/Pods-Hexad TaskUITests/Pods-Hexad TaskUITests.debug.xcconfig"; sourceTree = "<group>"; };
		9C184E34C27CED7CAEF36901 /* Pods-Hexad Task.debug.xcconfig */ = {isa = PBXFileReference; includeInIndex = 1; lastKnownFileType = text.xcconfig; name = "Pods-Hexad Task.debug.xcconfig"; path = "Pods/Target Support Files/Pods-Hexad Task/Pods-Hexad Task.debug.xcconfig"; sourceTree = "<group>"; };
		9FBB40BE0C4AE2A9305D9A5B /* Pods-Hexad TaskUITests.release.xcconfig */ = {isa = PBXFileReference; includeInIndex = 1; lastKnownFileType = text.xcconfig; name = "Pods-Hexad TaskUITests.release.xcconfig"; path = "Pods/Target Support Files/Pods-Hexad TaskUITests/Pods-Hexad TaskUITests.release.xcconfig"; sourceTree = "<group>"; };
		DD6DA11F22820F99000C4D50 /* Favorite.json */ = {isa = PBXFileReference; lastKnownFileType = text.json; path = Favorite.json; sourceTree = "<group>"; };
		DD6DA12122821133000C4D50 /* Favorite.swift */ = {isa = PBXFileReference; lastKnownFileType = sourcecode.swift; path = Favorite.swift; sourceTree = "<group>"; };
		DDAAE76022840F6C00C2E1B2 /* Podfile */ = {isa = PBXFileReference; fileEncoding = 4; lastKnownFileType = text; path = Podfile; sourceTree = "<group>"; xcLanguageSpecificationIdentifier = xcode.lang.ruby; };
		DDB9B56522847635004517ED /* FavoriteViewModel.swift */ = {isa = PBXFileReference; lastKnownFileType = sourcecode.swift; path = FavoriteViewModel.swift; sourceTree = "<group>"; };
		DDC91A3E2282004100D0E8E5 /* Hexad Task.app */ = {isa = PBXFileReference; explicitFileType = wrapper.application; includeInIndex = 0; path = "Hexad Task.app"; sourceTree = BUILT_PRODUCTS_DIR; };
		DDC91A412282004100D0E8E5 /* AppDelegate.swift */ = {isa = PBXFileReference; lastKnownFileType = sourcecode.swift; path = AppDelegate.swift; sourceTree = "<group>"; };
		DDC91A462282004100D0E8E5 /* Base */ = {isa = PBXFileReference; lastKnownFileType = file.storyboard; name = Base; path = Base.lproj/Main.storyboard; sourceTree = "<group>"; };
		DDC91A482282004400D0E8E5 /* Assets.xcassets */ = {isa = PBXFileReference; lastKnownFileType = folder.assetcatalog; path = Assets.xcassets; sourceTree = "<group>"; };
		DDC91A4B2282004400D0E8E5 /* Base */ = {isa = PBXFileReference; lastKnownFileType = file.storyboard; name = Base; path = Base.lproj/LaunchScreen.storyboard; sourceTree = "<group>"; };
		DDC91A4D2282004400D0E8E5 /* Info.plist */ = {isa = PBXFileReference; lastKnownFileType = text.plist.xml; path = Info.plist; sourceTree = "<group>"; };
		DDC91A522282004400D0E8E5 /* Hexad TaskTests.xctest */ = {isa = PBXFileReference; explicitFileType = wrapper.cfbundle; includeInIndex = 0; path = "Hexad TaskTests.xctest"; sourceTree = BUILT_PRODUCTS_DIR; };
		DDC91A582282004400D0E8E5 /* Info.plist */ = {isa = PBXFileReference; lastKnownFileType = text.plist.xml; path = Info.plist; sourceTree = "<group>"; };
		DDC91A6F2282024D00D0E8E5 /* ListViewController.swift */ = {isa = PBXFileReference; lastKnownFileType = sourcecode.swift; path = ListViewController.swift; sourceTree = "<group>"; };
		DDC91A712282028800D0E8E5 /* ListCell.swift */ = {isa = PBXFileReference; lastKnownFileType = sourcecode.swift; path = ListCell.swift; sourceTree = "<group>"; };
		DDCD747522857DEF008F1E52 /* ListInteractorTests.swift */ = {isa = PBXFileReference; lastKnownFileType = sourcecode.swift; path = ListInteractorTests.swift; sourceTree = "<group>"; };
		DDFC2406228564EE005F152A /* ListInteractor.swift */ = {isa = PBXFileReference; lastKnownFileType = sourcecode.swift; path = ListInteractor.swift; sourceTree = "<group>"; };
		E41C4A2488B5EAA7D9DE6AA7 /* Pods-Hexad TaskTests.debug.xcconfig */ = {isa = PBXFileReference; includeInIndex = 1; lastKnownFileType = text.xcconfig; name = "Pods-Hexad TaskTests.debug.xcconfig"; path = "Pods/Target Support Files/Pods-Hexad TaskTests/Pods-Hexad TaskTests.debug.xcconfig"; sourceTree = "<group>"; };
/* End PBXFileReference section */

/* Begin PBXFrameworksBuildPhase section */
		DDC91A3B2282004100D0E8E5 /* Frameworks */ = {
			isa = PBXFrameworksBuildPhase;
			buildActionMask = 2147483647;
			files = (
				29EDD82AD2895BEA6BE8AF76 /* Pods_Hexad_Task.framework in Frameworks */,
			);
			runOnlyForDeploymentPostprocessing = 0;
		};
		DDC91A4F2282004400D0E8E5 /* Frameworks */ = {
			isa = PBXFrameworksBuildPhase;
			buildActionMask = 2147483647;
			files = (
				C8394503C2F0B1A1070AA00E /* Pods_Hexad_TaskTests.framework in Frameworks */,
			);
			runOnlyForDeploymentPostprocessing = 0;
		};
/* End PBXFrameworksBuildPhase section */

/* Begin PBXGroup section */
		56122F3E93CB2647708A08D0 /* Pods */ = {
			isa = PBXGroup;
			children = (
				9C184E34C27CED7CAEF36901 /* Pods-Hexad Task.debug.xcconfig */,
				44C27EA686E36D454743FDE9 /* Pods-Hexad Task.release.xcconfig */,
				E41C4A2488B5EAA7D9DE6AA7 /* Pods-Hexad TaskTests.debug.xcconfig */,
				02300A945249DEB32CE8CEBB /* Pods-Hexad TaskTests.release.xcconfig */,
				79D93A7E672ECAB22E971621 /* Pods-Hexad TaskUITests.debug.xcconfig */,
				9FBB40BE0C4AE2A9305D9A5B /* Pods-Hexad TaskUITests.release.xcconfig */,
			);
			name = Pods;
			sourceTree = "<group>";
		};
		A3FA920D9C74C78B43DB15DC /* Frameworks */ = {
			isa = PBXGroup;
			children = (
				0EF4223B17B242FC0DAF76E8 /* Pods_Hexad_Task.framework */,
				378E523C204B4D6DE64B0B71 /* Pods_Hexad_TaskTests.framework */,
				59879EAD2BED0499E772EE79 /* Pods_Hexad_TaskUITests.framework */,
			);
			name = Frameworks;
			sourceTree = "<group>";
		};
		DDB9B5672284763E004517ED /* Data & Models */ = {
			isa = PBXGroup;
			children = (
				DD6DA11F22820F99000C4D50 /* Favorite.json */,
				DD6DA12122821133000C4D50 /* Favorite.swift */,
				DDB9B56522847635004517ED /* FavoriteViewModel.swift */,
			);
			path = "Data & Models";
			sourceTree = "<group>";
		};
		DDC91A352282004100D0E8E5 = {
			isa = PBXGroup;
			children = (
				DDAAE76022840F6C00C2E1B2 /* Podfile */,
				DDC91A402282004100D0E8E5 /* Hexad Task */,
				DDC91A552282004400D0E8E5 /* Hexad TaskTests */,
				DDC91A3F2282004100D0E8E5 /* Products */,
				56122F3E93CB2647708A08D0 /* Pods */,
				A3FA920D9C74C78B43DB15DC /* Frameworks */,
			);
			sourceTree = "<group>";
		};
		DDC91A3F2282004100D0E8E5 /* Products */ = {
			isa = PBXGroup;
			children = (
				DDC91A3E2282004100D0E8E5 /* Hexad Task.app */,
				DDC91A522282004400D0E8E5 /* Hexad TaskTests.xctest */,
			);
			name = Products;
			sourceTree = "<group>";
		};
		DDC91A402282004100D0E8E5 /* Hexad Task */ = {
			isa = PBXGroup;
			children = (
				DDC91A412282004100D0E8E5 /* AppDelegate.swift */,
				DDFC240822856500005F152A /* ListScene */,
				DDC91A452282004100D0E8E5 /* Main.storyboard */,
				DDC91A482282004400D0E8E5 /* Assets.xcassets */,
				DDC91A4A2282004400D0E8E5 /* LaunchScreen.storyboard */,
				DDC91A4D2282004400D0E8E5 /* Info.plist */,
				DDB9B5672284763E004517ED /* Data & Models */,
			);
			path = "Hexad Task";
			sourceTree = "<group>";
		};
		DDC91A552282004400D0E8E5 /* Hexad TaskTests */ = {
			isa = PBXGroup;
			children = (
				DDCD747522857DEF008F1E52 /* ListInteractorTests.swift */,
				DDC91A582282004400D0E8E5 /* Info.plist */,
			);
			path = "Hexad TaskTests";
			sourceTree = "<group>";
		};
		DDFC240822856500005F152A /* ListScene */ = {
			isa = PBXGroup;
			children = (
				DDC91A6F2282024D00D0E8E5 /* ListViewController.swift */,
				DDC91A712282028800D0E8E5 /* ListCell.swift */,
				DDFC2406228564EE005F152A /* ListInteractor.swift */,
			);
			path = ListScene;
			sourceTree = "<group>";
		};
/* End PBXGroup section */

/* Begin PBXNativeTarget section */
		DDC91A3D2282004100D0E8E5 /* Hexad Task */ = {
			isa = PBXNativeTarget;
			buildConfigurationList = DDC91A662282004400D0E8E5 /* Build configuration list for PBXNativeTarget "Hexad Task" */;
			buildPhases = (
				A6AAFA09D7EE0D9C989CA8BB /* [CP] Check Pods Manifest.lock */,
				DDC91A3A2282004100D0E8E5 /* Sources */,
				DDC91A3B2282004100D0E8E5 /* Frameworks */,
				DDC91A3C2282004100D0E8E5 /* Resources */,
				7640B513CDA46F771150F26F /* [CP] Embed Pods Frameworks */,
			);
			buildRules = (
			);
			dependencies = (
			);
			name = "Hexad Task";
			productName = "Hexad Task";
			productReference = DDC91A3E2282004100D0E8E5 /* Hexad Task.app */;
			productType = "com.apple.product-type.application";
		};
		DDC91A512282004400D0E8E5 /* Hexad TaskTests */ = {
			isa = PBXNativeTarget;
			buildConfigurationList = DDC91A692282004400D0E8E5 /* Build configuration list for PBXNativeTarget "Hexad TaskTests" */;
			buildPhases = (
				03A8C916BD09888E3F5CFB22 /* [CP] Check Pods Manifest.lock */,
				DDC91A4E2282004400D0E8E5 /* Sources */,
				DDC91A4F2282004400D0E8E5 /* Frameworks */,
				DDC91A502282004400D0E8E5 /* Resources */,
			);
			buildRules = (
			);
			dependencies = (
				DDC91A542282004400D0E8E5 /* PBXTargetDependency */,
			);
			name = "Hexad TaskTests";
			productName = "Hexad TaskTests";
			productReference = DDC91A522282004400D0E8E5 /* Hexad TaskTests.xctest */;
			productType = "com.apple.product-type.bundle.unit-test";
		};
/* End PBXNativeTarget section */

/* Begin PBXProject section */
		DDC91A362282004100D0E8E5 /* Project object */ = {
			isa = PBXProject;
			attributes = {
				LastSwiftUpdateCheck = 1020;
				LastUpgradeCheck = 1020;
				ORGANIZATIONNAME = "Chieh Teng Wang";
				TargetAttributes = {
					DDC91A3D2282004100D0E8E5 = {
						CreatedOnToolsVersion = 10.2.1;
					};
					DDC91A512282004400D0E8E5 = {
						CreatedOnToolsVersion = 10.2.1;
						LastSwiftMigration = 1020;
						TestTargetID = DDC91A3D2282004100D0E8E5;
					};
				};
			};
			buildConfigurationList = DDC91A392282004100D0E8E5 /* Build configuration list for PBXProject "Hexad Task" */;
			compatibilityVersion = "Xcode 9.3";
			developmentRegion = en;
			hasScannedForEncodings = 0;
			knownRegions = (
				en,
				Base,
			);
			mainGroup = DDC91A352282004100D0E8E5;
			productRefGroup = DDC91A3F2282004100D0E8E5 /* Products */;
			projectDirPath = "";
			projectRoot = "";
			targets = (
				DDC91A3D2282004100D0E8E5 /* Hexad Task */,
				DDC91A512282004400D0E8E5 /* Hexad TaskTests */,
			);
		};
/* End PBXProject section */

/* Begin PBXResourcesBuildPhase section */
		DDC91A3C2282004100D0E8E5 /* Resources */ = {
			isa = PBXResourcesBuildPhase;
			buildActionMask = 2147483647;
			files = (
				DDAAE76122840F6C00C2E1B2 /* Podfile in Resources */,
				DDC91A4C2282004400D0E8E5 /* LaunchScreen.storyboard in Resources */,
				DD6DA12022820F99000C4D50 /* Favorite.json in Resources */,
				DDC91A492282004400D0E8E5 /* Assets.xcassets in Resources */,
				DDC91A472282004100D0E8E5 /* Main.storyboard in Resources */,
			);
			runOnlyForDeploymentPostprocessing = 0;
		};
		DDC91A502282004400D0E8E5 /* Resources */ = {
			isa = PBXResourcesBuildPhase;
			buildActionMask = 2147483647;
			files = (
			);
			runOnlyForDeploymentPostprocessing = 0;
		};
/* End PBXResourcesBuildPhase section */

/* Begin PBXShellScriptBuildPhase section */
		03A8C916BD09888E3F5CFB22 /* [CP] Check Pods Manifest.lock */ = {
			isa = PBXShellScriptBuildPhase;
			buildActionMask = 2147483647;
			files = (
			);
			inputFileListPaths = (
			);
			inputPaths = (
				"${PODS_PODFILE_DIR_PATH}/Podfile.lock",
				"${PODS_ROOT}/Manifest.lock",
			);
			name = "[CP] Check Pods Manifest.lock";
			outputFileListPaths = (
			);
			outputPaths = (
				"$(DERIVED_FILE_DIR)/Pods-Hexad TaskTests-checkManifestLockResult.txt",
			);
			runOnlyForDeploymentPostprocessing = 0;
			shellPath = /bin/sh;
			shellScript = "diff \"${PODS_PODFILE_DIR_PATH}/Podfile.lock\" \"${PODS_ROOT}/Manifest.lock\" > /dev/null\nif [ $? != 0 ] ; then\n    # print error to STDERR\n    echo \"error: The sandbox is not in sync with the Podfile.lock. Run 'pod install' or update your CocoaPods installation.\" >&2\n    exit 1\nfi\n# This output is used by Xcode 'outputs' to avoid re-running this script phase.\necho \"SUCCESS\" > \"${SCRIPT_OUTPUT_FILE_0}\"\n";
			showEnvVarsInLog = 0;
		};
		7640B513CDA46F771150F26F /* [CP] Embed Pods Frameworks */ = {
			isa = PBXShellScriptBuildPhase;
			buildActionMask = 2147483647;
			files = (
			);
			inputFileListPaths = (
			);
			inputPaths = (
				"${PODS_ROOT}/Target Support Files/Pods-Hexad Task/Pods-Hexad Task-frameworks.sh",
				"${BUILT_PRODUCTS_DIR}/Cosmos/Cosmos.framework",
				"${BUILT_PRODUCTS_DIR}/Differentiator/Differentiator.framework",
				"${BUILT_PRODUCTS_DIR}/RxAtomic/RxAtomic.framework",
				"${BUILT_PRODUCTS_DIR}/RxCocoa/RxCocoa.framework",
				"${BUILT_PRODUCTS_DIR}/RxDataSources/RxDataSources.framework",
				"${BUILT_PRODUCTS_DIR}/RxSwift/RxSwift.framework",
			);
			name = "[CP] Embed Pods Frameworks";
			outputFileListPaths = (
			);
			outputPaths = (
				"${TARGET_BUILD_DIR}/${FRAMEWORKS_FOLDER_PATH}/Cosmos.framework",
				"${TARGET_BUILD_DIR}/${FRAMEWORKS_FOLDER_PATH}/Differentiator.framework",
				"${TARGET_BUILD_DIR}/${FRAMEWORKS_FOLDER_PATH}/RxAtomic.framework",
				"${TARGET_BUILD_DIR}/${FRAMEWORKS_FOLDER_PATH}/RxCocoa.framework",
				"${TARGET_BUILD_DIR}/${FRAMEWORKS_FOLDER_PATH}/RxDataSources.framework",
				"${TARGET_BUILD_DIR}/${FRAMEWORKS_FOLDER_PATH}/RxSwift.framework",
			);
			runOnlyForDeploymentPostprocessing = 0;
			shellPath = /bin/sh;
			shellScript = "\"${PODS_ROOT}/Target Support Files/Pods-Hexad Task/Pods-Hexad Task-frameworks.sh\"\n";
			showEnvVarsInLog = 0;
		};
		A6AAFA09D7EE0D9C989CA8BB /* [CP] Check Pods Manifest.lock */ = {
			isa = PBXShellScriptBuildPhase;
			buildActionMask = 2147483647;
			files = (
			);
			inputFileListPaths = (
			);
			inputPaths = (
				"${PODS_PODFILE_DIR_PATH}/Podfile.lock",
				"${PODS_ROOT}/Manifest.lock",
			);
			name = "[CP] Check Pods Manifest.lock";
			outputFileListPaths = (
			);
			outputPaths = (
				"$(DERIVED_FILE_DIR)/Pods-Hexad Task-checkManifestLockResult.txt",
			);
			runOnlyForDeploymentPostprocessing = 0;
			shellPath = /bin/sh;
			shellScript = "diff \"${PODS_PODFILE_DIR_PATH}/Podfile.lock\" \"${PODS_ROOT}/Manifest.lock\" > /dev/null\nif [ $? != 0 ] ; then\n    # print error to STDERR\n    echo \"error: The sandbox is not in sync with the Podfile.lock. Run 'pod install' or update your CocoaPods installation.\" >&2\n    exit 1\nfi\n# This output is used by Xcode 'outputs' to avoid re-running this script phase.\necho \"SUCCESS\" > \"${SCRIPT_OUTPUT_FILE_0}\"\n";
			showEnvVarsInLog = 0;
		};
/* End PBXShellScriptBuildPhase section */

/* Begin PBXSourcesBuildPhase section */
		DDC91A3A2282004100D0E8E5 /* Sources */ = {
			isa = PBXSourcesBuildPhase;
			buildActionMask = 2147483647;
			files = (
				DDFC2407228564EE005F152A /* ListInteractor.swift in Sources */,
				DDB9B56622847635004517ED /* FavoriteViewModel.swift in Sources */,
				DDC91A722282028800D0E8E5 /* ListCell.swift in Sources */,
				DD6DA12222821133000C4D50 /* Favorite.swift in Sources */,
				DDC91A702282024D00D0E8E5 /* ListViewController.swift in Sources */,
				DDC91A422282004100D0E8E5 /* AppDelegate.swift in Sources */,
			);
			runOnlyForDeploymentPostprocessing = 0;
		};
		DDC91A4E2282004400D0E8E5 /* Sources */ = {
			isa = PBXSourcesBuildPhase;
			buildActionMask = 2147483647;
			files = (
				DDCD747622857DEF008F1E52 /* ListInteractorTests.swift in Sources */,
			);
			runOnlyForDeploymentPostprocessing = 0;
		};
/* End PBXSourcesBuildPhase section */

/* Begin PBXTargetDependency section */
		DDC91A542282004400D0E8E5 /* PBXTargetDependency */ = {
			isa = PBXTargetDependency;
			target = DDC91A3D2282004100D0E8E5 /* Hexad Task */;
			targetProxy = DDC91A532282004400D0E8E5 /* PBXContainerItemProxy */;
		};
/* End PBXTargetDependency section */

/* Begin PBXVariantGroup section */
		DDC91A452282004100D0E8E5 /* Main.storyboard */ = {
			isa = PBXVariantGroup;
			children = (
				DDC91A462282004100D0E8E5 /* Base */,
			);
			name = Main.storyboard;
			sourceTree = "<group>";
		};
		DDC91A4A2282004400D0E8E5 /* LaunchScreen.storyboard */ = {
			isa = PBXVariantGroup;
			children = (
				DDC91A4B2282004400D0E8E5 /* Base */,
			);
			name = LaunchScreen.storyboard;
			sourceTree = "<group>";
		};
/* End PBXVariantGroup section */

/* Begin XCBuildConfiguration section */
		DDC91A642282004400D0E8E5 /* Debug */ = {
			isa = XCBuildConfiguration;
			buildSettings = {
				ALWAYS_SEARCH_USER_PATHS = NO;
				CLANG_ANALYZER_NONNULL = YES;
				CLANG_ANALYZER_NUMBER_OBJECT_CONVERSION = YES_AGGRESSIVE;
				CLANG_CXX_LANGUAGE_STANDARD = "gnu++14";
				CLANG_CXX_LIBRARY = "libc++";
				CLANG_ENABLE_MODULES = YES;
				CLANG_ENABLE_OBJC_ARC = YES;
				CLANG_ENABLE_OBJC_WEAK = YES;
				CLANG_WARN_BLOCK_CAPTURE_AUTORELEASING = YES;
				CLANG_WARN_BOOL_CONVERSION = YES;
				CLANG_WARN_COMMA = YES;
				CLANG_WARN_CONSTANT_CONVERSION = YES;
				CLANG_WARN_DEPRECATED_OBJC_IMPLEMENTATIONS = YES;
				CLANG_WARN_DIRECT_OBJC_ISA_USAGE = YES_ERROR;
				CLANG_WARN_DOCUMENTATION_COMMENTS = YES;
				CLANG_WARN_EMPTY_BODY = YES;
				CLANG_WARN_ENUM_CONVERSION = YES;
				CLANG_WARN_INFINITE_RECURSION = YES;
				CLANG_WARN_INT_CONVERSION = YES;
				CLANG_WARN_NON_LITERAL_NULL_CONVERSION = YES;
				CLANG_WARN_OBJC_IMPLICIT_RETAIN_SELF = YES;
				CLANG_WARN_OBJC_LITERAL_CONVERSION = YES;
				CLANG_WARN_OBJC_ROOT_CLASS = YES_ERROR;
				CLANG_WARN_RANGE_LOOP_ANALYSIS = YES;
				CLANG_WARN_STRICT_PROTOTYPES = YES;
				CLANG_WARN_SUSPICIOUS_MOVE = YES;
				CLANG_WARN_UNGUARDED_AVAILABILITY = YES_AGGRESSIVE;
				CLANG_WARN_UNREACHABLE_CODE = YES;
				CLANG_WARN__DUPLICATE_METHOD_MATCH = YES;
				CODE_SIGN_IDENTITY = "iPhone Developer";
				COPY_PHASE_STRIP = NO;
				DEBUG_INFORMATION_FORMAT = dwarf;
				ENABLE_STRICT_OBJC_MSGSEND = YES;
				ENABLE_TESTABILITY = YES;
				GCC_C_LANGUAGE_STANDARD = gnu11;
				GCC_DYNAMIC_NO_PIC = NO;
				GCC_NO_COMMON_BLOCKS = YES;
				GCC_OPTIMIZATION_LEVEL = 0;
				GCC_PREPROCESSOR_DEFINITIONS = (
					"DEBUG=1",
					"$(inherited)",
				);
				GCC_WARN_64_TO_32_BIT_CONVERSION = YES;
				GCC_WARN_ABOUT_RETURN_TYPE = YES_ERROR;
				GCC_WARN_UNDECLARED_SELECTOR = YES;
				GCC_WARN_UNINITIALIZED_AUTOS = YES_AGGRESSIVE;
				GCC_WARN_UNUSED_FUNCTION = YES;
				GCC_WARN_UNUSED_VARIABLE = YES;
				IPHONEOS_DEPLOYMENT_TARGET = 12.2;
				MTL_ENABLE_DEBUG_INFO = INCLUDE_SOURCE;
				MTL_FAST_MATH = YES;
				ONLY_ACTIVE_ARCH = YES;
				SDKROOT = iphoneos;
				SWIFT_ACTIVE_COMPILATION_CONDITIONS = DEBUG;
				SWIFT_OPTIMIZATION_LEVEL = "-Onone";
			};
			name = Debug;
		};
		DDC91A652282004400D0E8E5 /* Release */ = {
			isa = XCBuildConfiguration;
			buildSettings = {
				ALWAYS_SEARCH_USER_PATHS = NO;
				CLANG_ANALYZER_NONNULL = YES;
				CLANG_ANALYZER_NUMBER_OBJECT_CONVERSION = YES_AGGRESSIVE;
				CLANG_CXX_LANGUAGE_STANDARD = "gnu++14";
				CLANG_CXX_LIBRARY = "libc++";
				CLANG_ENABLE_MODULES = YES;
				CLANG_ENABLE_OBJC_ARC = YES;
				CLANG_ENABLE_OBJC_WEAK = YES;
				CLANG_WARN_BLOCK_CAPTURE_AUTORELEASING = YES;
				CLANG_WARN_BOOL_CONVERSION = YES;
				CLANG_WARN_COMMA = YES;
				CLANG_WARN_CONSTANT_CONVERSION = YES;
				CLANG_WARN_DEPRECATED_OBJC_IMPLEMENTATIONS = YES;
				CLANG_WARN_DIRECT_OBJC_ISA_USAGE = YES_ERROR;
				CLANG_WARN_DOCUMENTATION_COMMENTS = YES;
				CLANG_WARN_EMPTY_BODY = YES;
				CLANG_WARN_ENUM_CONVERSION = YES;
				CLANG_WARN_INFINITE_RECURSION = YES;
				CLANG_WARN_INT_CONVERSION = YES;
				CLANG_WARN_NON_LITERAL_NULL_CONVERSION = YES;
				CLANG_WARN_OBJC_IMPLICIT_RETAIN_SELF = YES;
				CLANG_WARN_OBJC_LITERAL_CONVERSION = YES;
				CLANG_WARN_OBJC_ROOT_CLASS = YES_ERROR;
				CLANG_WARN_RANGE_LOOP_ANALYSIS = YES;
				CLANG_WARN_STRICT_PROTOTYPES = YES;
				CLANG_WARN_SUSPICIOUS_MOVE = YES;
				CLANG_WARN_UNGUARDED_AVAILABILITY = YES_AGGRESSIVE;
				CLANG_WARN_UNREACHABLE_CODE = YES;
				CLANG_WARN__DUPLICATE_METHOD_MATCH = YES;
				CODE_SIGN_IDENTITY = "iPhone Developer";
				COPY_PHASE_STRIP = NO;
				DEBUG_INFORMATION_FORMAT = "dwarf-with-dsym";
				ENABLE_NS_ASSERTIONS = NO;
				ENABLE_STRICT_OBJC_MSGSEND = YES;
				GCC_C_LANGUAGE_STANDARD = gnu11;
				GCC_NO_COMMON_BLOCKS = YES;
				GCC_WARN_64_TO_32_BIT_CONVERSION = YES;
				GCC_WARN_ABOUT_RETURN_TYPE = YES_ERROR;
				GCC_WARN_UNDECLARED_SELECTOR = YES;
				GCC_WARN_UNINITIALIZED_AUTOS = YES_AGGRESSIVE;
				GCC_WARN_UNUSED_FUNCTION = YES;
				GCC_WARN_UNUSED_VARIABLE = YES;
				IPHONEOS_DEPLOYMENT_TARGET = 12.2;
				MTL_ENABLE_DEBUG_INFO = NO;
				MTL_FAST_MATH = YES;
				SDKROOT = iphoneos;
				SWIFT_COMPILATION_MODE = wholemodule;
				SWIFT_OPTIMIZATION_LEVEL = "-O";
				VALIDATE_PRODUCT = YES;
			};
			name = Release;
		};
		DDC91A672282004400D0E8E5 /* Debug */ = {
			isa = XCBuildConfiguration;
			baseConfigurationReference = 9C184E34C27CED7CAEF36901 /* Pods-Hexad Task.debug.xcconfig */;
			buildSettings = {
				ASSETCATALOG_COMPILER_APPICON_NAME = AppIcon;
				CODE_SIGN_STYLE = Automatic;
				DEVELOPMENT_TEAM = RVS6S5R9G3;
				INFOPLIST_FILE = "Hexad Task/Info.plist";
				LD_RUNPATH_SEARCH_PATHS = (
					"$(inherited)",
					"@executable_path/Frameworks",
				);
				PRODUCT_BUNDLE_IDENTIFIER = "ChiehTengWang.Hexad-Task";
				PRODUCT_NAME = "$(TARGET_NAME)";
				SWIFT_VERSION = 5.0;
				TARGETED_DEVICE_FAMILY = "1,2";
			};
			name = Debug;
		};
		DDC91A682282004400D0E8E5 /* Release */ = {
			isa = XCBuildConfiguration;
			baseConfigurationReference = 44C27EA686E36D454743FDE9 /* Pods-Hexad Task.release.xcconfig */;
			buildSettings = {
				ASSETCATALOG_COMPILER_APPICON_NAME = AppIcon;
				CODE_SIGN_STYLE = Automatic;
				DEVELOPMENT_TEAM = RVS6S5R9G3;
				INFOPLIST_FILE = "Hexad Task/Info.plist";
				LD_RUNPATH_SEARCH_PATHS = (
					"$(inherited)",
					"@executable_path/Frameworks",
				);
				PRODUCT_BUNDLE_IDENTIFIER = "ChiehTengWang.Hexad-Task";
				PRODUCT_NAME = "$(TARGET_NAME)";
				SWIFT_VERSION = 5.0;
				TARGETED_DEVICE_FAMILY = "1,2";
			};
			name = Release;
		};
		DDC91A6A2282004400D0E8E5 /* Debug */ = {
			isa = XCBuildConfiguration;
			baseConfigurationReference = E41C4A2488B5EAA7D9DE6AA7 /* Pods-Hexad TaskTests.debug.xcconfig */;
			buildSettings = {
				ALWAYS_EMBED_SWIFT_STANDARD_LIBRARIES = YES;
				BUNDLE_LOADER = "$(TEST_HOST)";
				CLANG_ENABLE_MODULES = YES;
				CODE_SIGN_STYLE = Automatic;
				DEVELOPMENT_TEAM = RVS6S5R9G3;
				INFOPLIST_FILE = "Hexad TaskTests/Info.plist";
				LD_RUNPATH_SEARCH_PATHS = (
					"$(inherited)",
					"@executable_path/Frameworks",
					"@loader_path/Frameworks",
				);
				PRODUCT_BUNDLE_IDENTIFIER = "ChiehTengWang.Hexad-TaskTests";
				PRODUCT_NAME = "$(TARGET_NAME)";
				SWIFT_OPTIMIZATION_LEVEL = "-Onone";
				SWIFT_VERSION = 5.0;
				TARGETED_DEVICE_FAMILY = "1,2";
				TEST_HOST = "$(BUILT_PRODUCTS_DIR)/Hexad Task.app/Hexad Task";
			};
			name = Debug;
		};
		DDC91A6B2282004400D0E8E5 /* Release */ = {
			isa = XCBuildConfiguration;
			baseConfigurationReference = 02300A945249DEB32CE8CEBB /* Pods-Hexad TaskTests.release.xcconfig */;
			buildSettings = {
				ALWAYS_EMBED_SWIFT_STANDARD_LIBRARIES = YES;
				BUNDLE_LOADER = "$(TEST_HOST)";
				CLANG_ENABLE_MODULES = YES;
				CODE_SIGN_STYLE = Automatic;
				DEVELOPMENT_TEAM = RVS6S5R9G3;
				INFOPLIST_FILE = "Hexad TaskTests/Info.plist";
				LD_RUNPATH_SEARCH_PATHS = (
					"$(inherited)",
					"@executable_path/Frameworks",
					"@loader_path/Frameworks",
				);
				PRODUCT_BUNDLE_IDENTIFIER = "ChiehTengWang.Hexad-TaskTests";
				PRODUCT_NAME = "$(TARGET_NAME)";
				SWIFT_VERSION = 5.0;
				TARGETED_DEVICE_FAMILY = "1,2";
				TEST_HOST = "$(BUILT_PRODUCTS_DIR)/Hexad Task.app/Hexad Task";
			};
			name = Release;
		};
/* End XCBuildConfiguration section */

/* Begin XCConfigurationList section */
		DDC91A392282004100D0E8E5 /* Build configuration list for PBXProject "Hexad Task" */ = {
			isa = XCConfigurationList;
			buildConfigurations = (
				DDC91A642282004400D0E8E5 /* Debug */,
				DDC91A652282004400D0E8E5 /* Release */,
			);
			defaultConfigurationIsVisible = 0;
			defaultConfigurationName = Release;
		};
		DDC91A662282004400D0E8E5 /* Build configuration list for PBXNativeTarget "Hexad Task" */ = {
			isa = XCConfigurationList;
			buildConfigurations = (
				DDC91A672282004400D0E8E5 /* Debug */,
				DDC91A682282004400D0E8E5 /* Release */,
			);
			defaultConfigurationIsVisible = 0;
			defaultConfigurationName = Release;
		};
		DDC91A692282004400D0E8E5 /* Build configuration list for PBXNativeTarget "Hexad TaskTests" */ = {
			isa = XCConfigurationList;
			buildConfigurations = (
				DDC91A6A2282004400D0E8E5 /* Debug */,
				DDC91A6B2282004400D0E8E5 /* Release */,
			);
			defaultConfigurationIsVisible = 0;
			defaultConfigurationName = Release;
		};
/* End XCConfigurationList section */
	};
	rootObject = DDC91A362282004100D0E8E5 /* Project object */;
}
